
Microsoft Visual Studio Solution File, Format Version 12.00
# Visual Studio Version 16
VisualStudioVersion = 16.0.29123.88
MinimumVisualStudioVersion = 10.0.40219.1
Project("{FAE04EC0-301F-11D3-BF4B-00C04F79EFBC}") = "Restaurante-BackEnd", "Restaurante-BackEnd\Restaurante-BackEnd.csproj", "{AF545376-2E7C-405E-BD2F-6CB1889D658D}"
EndProject
Global
	GlobalSection(SolutionConfigurationPlatforms) = preSolution
		Debug|Any CPU = Debug|Any CPU
		Release|Any CPU = Release|Any CPU
	EndGlobalSection
	GlobalSection(ProjectConfigurationPlatforms) = postSolution
		{AF545376-2E7C-405E-BD2F-6CB1889D658D}.Debug|Any CPU.ActiveCfg = Debug|Any CPU
		{AF545376-2E7C-405E-BD2F-6CB1889D658D}.Debug|Any CPU.Build.0 = Debug|Any CPU
		{AF545376-2E7C-405E-BD2F-6CB1889D658D}.Release|Any CPU.ActiveCfg = Release|Any CPU
		{AF545376-2E7C-405E-BD2F-6CB1889D658D}.Release|Any CPU.Build.0 = Release|Any CPU
	EndGlobalSection
	GlobalSection(SolutionProperties) = preSolution
		HideSolutionNode = FALSE
	EndGlobalSection
	GlobalSection(ExtensibilityGlobals) = postSolution
		SolutionGuid = {ED706784-9448-4078-9FC4-3C078289438D}
	EndGlobalSection
EndGlobal
